{
  "version": "5",
  "specifiers": {
    "jsr:@babashka/nbb@1.5.212": "1.5.212",
    "jsr:@std/bytes@^1.0.6": "1.0.6",
    "jsr:@std/csv@*": "1.0.6",
    "jsr:@std/csv@1.0.6": "1.0.6",
    "jsr:@std/streams@^1.0.9": "1.0.17",
    "npm:import-meta-resolve@^4.1.0": "4.2.0"
  },
  "jsr": {
    "@babashka/nbb@1.5.212": {
      "integrity": "3d3f7b5281d91ebce35f02f6af53450addac69b33f782637e4bd99cb1a868b69",
      "dependencies": [
        "npm:import-meta-resolve"
      ]
    },
    "@std/bytes@1.0.6": {
      "integrity": "f6ac6adbd8ccd99314045f5703e23af0a68d7f7e58364b47d2c7f408aeb5820a"
    },
    "@std/csv@1.0.6": {
      "integrity": "52ef0e62799a0028d278fa04762f17f9bd263fad9a8e7f98c14fbd371d62d9fd",
      "dependencies": [
        "jsr:@std/streams"
      ]
    },
    "@std/streams@1.0.17": {
      "integrity": "7859f3d9deed83cf4b41f19223d4a67661b3d3819e9fc117698f493bf5992140",
      "dependencies": [
        "jsr:@std/bytes"
      ]
    }
  },
  "npm": {
    "import-meta-resolve@4.2.0": {
      "integrity": "sha512-Iqv2fzaTQN28s/FwZAoFq0ZSs/7hMAHJVX+w8PZl3cY19Pxk6jFFalxQoIfW2826i/fDLXv8IiEZRIT0lDuWcg=="
    }
  }
}
